
Microsoft Visual Studio Solution File, Format Version 12.00
# Visual Studio Version 16
VisualStudioVersion = 16.0.29728.190
MinimumVisualStudioVersion = 10.0.40219.1
Project("{9A19103F-16F7-4668-BE54-9A1E7A4F7556}") = "Card", "Card\Card.csproj", "{AE5D4AAB-D384-446F-A3F9-E4ACB14D0667}"
EndProject
Project("{9A19103F-16F7-4668-BE54-9A1E7A4F7556}") = "Infrastructure", "Infrastructure\Infrastructure.csproj", "{4972612C-FD9E-4D98-86F4-2F906FA81311}"
EndProject
Project("{9A19103F-16F7-4668-BE54-9A1E7A4F7556}") = "Web_Cards_And_Players", "Web_Cards_And_Players\Web_Cards_And_Players.csproj", "{6B2E96B0-09FB-44B7-A86A-8ADE3B1234EE}"
EndProject
Project("{9A19103F-16F7-4668-BE54-9A1E7A4F7556}") = "Console_info", "Console_info\Console_info.csproj", "{13C96803-2FDF-4F4A-A895-B3CA0B5E9028}"
EndProject
Project("{FAE04EC0-301F-11D3-BF4B-00C04F79EFBC}") = "CoursePr2020_alpha", "..\CoursePr2020_alpha\CoursePr2020_alpha\CoursePr2020_alpha\CoursePr2020_alpha\CoursePr2020_alpha.csproj", "{74041B6E-D3DB-4D64-A910-631A53DA10D5}"
EndProject
Global
	GlobalSection(SolutionConfigurationPlatforms) = preSolution
		Debug|Any CPU = Debug|Any CPU
		Release|Any CPU = Release|Any CPU
	EndGlobalSection
	GlobalSection(ProjectConfigurationPlatforms) = postSolution
		{AE5D4AAB-D384-446F-A3F9-E4ACB14D0667}.Debug|Any CPU.ActiveCfg = Debug|Any CPU
		{AE5D4AAB-D384-446F-A3F9-E4ACB14D0667}.Debug|Any CPU.Build.0 = Debug|Any CPU
		{AE5D4AAB-D384-446F-A3F9-E4ACB14D0667}.Release|Any CPU.ActiveCfg = Release|Any CPU
		{AE5D4AAB-D384-446F-A3F9-E4ACB14D0667}.Release|Any CPU.Build.0 = Release|Any CPU
		{4972612C-FD9E-4D98-86F4-2F906FA81311}.Debug|Any CPU.ActiveCfg = Debug|Any CPU
		{4972612C-FD9E-4D98-86F4-2F906FA81311}.Debug|Any CPU.Build.0 = Debug|Any CPU
		{4972612C-FD9E-4D98-86F4-2F906FA81311}.Release|Any CPU.ActiveCfg = Release|Any CPU
		{4972612C-FD9E-4D98-86F4-2F906FA81311}.Release|Any CPU.Build.0 = Release|Any CPU
		{6B2E96B0-09FB-44B7-A86A-8ADE3B1234EE}.Debug|Any CPU.ActiveCfg = Debug|Any CPU
		{6B2E96B0-09FB-44B7-A86A-8ADE3B1234EE}.Debug|Any CPU.Build.0 = Debug|Any CPU
		{6B2E96B0-09FB-44B7-A86A-8ADE3B1234EE}.Release|Any CPU.ActiveCfg = Release|Any CPU
		{6B2E96B0-09FB-44B7-A86A-8ADE3B1234EE}.Release|Any CPU.Build.0 = Release|Any CPU
		{13C96803-2FDF-4F4A-A895-B3CA0B5E9028}.Debug|Any CPU.ActiveCfg = Debug|Any CPU
		{13C96803-2FDF-4F4A-A895-B3CA0B5E9028}.Debug|Any CPU.Build.0 = Debug|Any CPU
		{13C96803-2FDF-4F4A-A895-B3CA0B5E9028}.Release|Any CPU.ActiveCfg = Release|Any CPU
		{13C96803-2FDF-4F4A-A895-B3CA0B5E9028}.Release|Any CPU.Build.0 = Release|Any CPU
		{74041B6E-D3DB-4D64-A910-631A53DA10D5}.Debug|Any CPU.ActiveCfg = Debug|Any CPU
		{74041B6E-D3DB-4D64-A910-631A53DA10D5}.Debug|Any CPU.Build.0 = Debug|Any CPU
		{74041B6E-D3DB-4D64-A910-631A53DA10D5}.Release|Any CPU.ActiveCfg = Release|Any CPU
		{74041B6E-D3DB-4D64-A910-631A53DA10D5}.Release|Any CPU.Build.0 = Release|Any CPU
	EndGlobalSection
	GlobalSection(SolutionProperties) = preSolution
		HideSolutionNode = FALSE
	EndGlobalSection
	GlobalSection(ExtensibilityGlobals) = postSolution
		SolutionGuid = {83B8682E-C6BA-4FE3-A623-5B069BF29215}
	EndGlobalSection
EndGlobal
